{
  "lockfileVersion": 1,
  "workspaces": {
    "": {
      "name": "openclaude",
      "dependencies": {
        "@types/yargs-parser": "^21.0.3",
        "i": "^0.3.7",
        "mri": "^1.2.0",
        "yargs-parser": "^22.0.0",
      },
      "devDependencies": {
        "@ai-sdk/anthropic": "^2.0.1",
        "@ai-sdk/azure": "^2.0.6",
        "@ai-sdk/google": "^2.0.3",
        "@ai-sdk/openai": "^2.0.6",
        "@ai-sdk/xai": "^2.0.3",
        "@types/bun": "latest",
        "@types/json-schema": "^7.0.15",
        "ai": "^5.0.8",
        "json-schema": "^0.4.0",
        "zod": "3.25.76",
      },
      "peerDependencies": {
        "typescript": "^5",
      },
    },
  },
  "packages": {
    "@ai-sdk/anthropic": ["@ai-sdk/anthropic@2.0.1", "", { "dependencies": { "@ai-sdk/provider": "2.0.0", "@ai-sdk/provider-utils": "3.0.1" }, "peerDependencies": { "zod": "^3.25.76 || ^4" } }, "sha512-HtNbpNV9qXQosHu00+CBMEcdTerwZY+kpVMNak0xP/P5TF6XkPf7IyizhLuc7y5zcXMjZCMA7jDGkcEdZCEdkw=="],

    "@ai-sdk/azure": ["@ai-sdk/azure@2.0.6", "", { "dependencies": { "@ai-sdk/openai": "2.0.6", "@ai-sdk/provider": "2.0.0", "@ai-sdk/provider-utils": "3.0.1" }, "peerDependencies": { "zod": "^3.25.76 || ^4" } }, "sha512-c8JbroE7B9Pyx3D8jxEwXop++vQqeR58adVrzPY7m29b/jZY7bsn6SuMheUF324sHbNJGd1DplqibIUzOs2qbA=="],

    "@ai-sdk/gateway": ["@ai-sdk/gateway@1.0.4", "", { "dependencies": { "@ai-sdk/provider": "2.0.0", "@ai-sdk/provider-utils": "3.0.1" }, "peerDependencies": { "zod": "^3.25.76 || ^4" } }, "sha512-1roLdgMbFU3Nr4MC97/te7w6OqxsWBkDUkpbCcvxF3jz/ku91WVaJldn/PKU8feMKNyI5W9wnqhbjb1BqbExOQ=="],

    "@ai-sdk/google": ["@ai-sdk/google@2.0.3", "", { "dependencies": { "@ai-sdk/provider": "2.0.0", "@ai-sdk/provider-utils": "3.0.1" }, "peerDependencies": { "zod": "^3.25.76 || ^4" } }, "sha512-rQkY4nQGZnQw6pfftqsGsXXAqkGnl1gYjSbvD8+zyrVg2KAYeJU0NxIaacLWCORNcW+yQ/cqTpK/Uku/SIdEqA=="],

    "@ai-sdk/openai": ["@ai-sdk/openai@2.0.6", "", { "dependencies": { "@ai-sdk/provider": "2.0.0", "@ai-sdk/provider-utils": "3.0.1" }, "peerDependencies": { "zod": "^3.25.76 || ^4" } }, "sha512-YmnhiyqllxnGo0Jo23jfi7NCOK+8BhUPPV/Cm/8MGFgI9oX/s6xGIp6KqSK2GFlAz2vxyy+aAlpt0cv/a0SxYQ=="],

    "@ai-sdk/openai-compatible": ["@ai-sdk/openai-compatible@1.0.3", "", { "dependencies": { "@ai-sdk/provider": "2.0.0", "@ai-sdk/provider-utils": "3.0.1" }, "peerDependencies": { "zod": "^3.25.76 || ^4" } }, "sha512-SE49TeOGppPtP4GTOXAl7WOhXXx42/VKpei3pNozjrD8NTkLX29Mib5t06VB5leaMjHNmyJMLECiWbWQV5W1ug=="],

    "@ai-sdk/provider": ["@ai-sdk/provider@2.0.0", "", { "dependencies": { "json-schema": "^0.4.0" } }, "sha512-6o7Y2SeO9vFKB8lArHXehNuusnpddKPk7xqL7T2/b+OvXMRIXUO1rR4wcv1hAFUAT9avGZshty3Wlua/XA7TvA=="],

    "@ai-sdk/provider-utils": ["@ai-sdk/provider-utils@3.0.1", "", { "dependencies": { "@ai-sdk/provider": "2.0.0", "@standard-schema/spec": "^1.0.0", "eventsource-parser": "^3.0.3", "zod-to-json-schema": "^3.24.1" }, "peerDependencies": { "zod": "^3.25.76 || ^4" } }, "sha512-/iP1sKc6UdJgGH98OCly7sWJKv+J9G47PnTjIj40IJMUQKwDrUMyf7zOOfRtPwSuNifYhSoJQ4s1WltI65gJ/g=="],

    "@ai-sdk/xai": ["@ai-sdk/xai@2.0.3", "", { "dependencies": { "@ai-sdk/openai-compatible": "1.0.3", "@ai-sdk/provider": "2.0.0", "@ai-sdk/provider-utils": "3.0.1" }, "peerDependencies": { "zod": "^3.25.76 || ^4" } }, "sha512-9Hsim5y4KJa+6DQBvoKcCp6ooWvfdbn1quOCEgSAnni6OJBL6QuImOcDmRr/YE6hrYo2RgLF56MtI2OyQqbh5w=="],

    "@opentelemetry/api": ["@opentelemetry/api@1.9.0", "", {}, "sha512-3giAOQvZiH5F9bMlMiv8+GSPMeqg0dbaeo58/0SlA9sxSqZhnUtxzX9/2FzyhS9sWQf5S0GJE0AKBrFqjpeYcg=="],

    "@standard-schema/spec": ["@standard-schema/spec@1.0.0", "", {}, "sha512-m2bOd0f2RT9k8QJx1JN85cZYyH1RqFBdlwtkSlf4tBDYLCiiZnv1fIIwacK6cqwXavOydf0NPToMQgpKq+dVlA=="],

    "@types/bun": ["@types/bun@1.2.14", "", { "dependencies": { "bun-types": "1.2.14" } }, "sha512-VsFZKs8oKHzI7zwvECiAJ5oSorWndIWEVhfbYqZd4HI/45kzW7PN2Rr5biAzvGvRuNmYLSANY+H59ubHq8xw7Q=="],

    "@types/json-schema": ["@types/json-schema@7.0.15", "", {}, "sha512-5+fP8P8MFNC+AyZCDxrB2pkZFPGzqQWUzpSeuuVLvm8VMcorNYavBqoFcxK8bQz4Qsbn4oUEEem4wDLfcysGHA=="],

    "@types/node": ["@types/node@22.15.21", "", { "dependencies": { "undici-types": "~6.21.0" } }, "sha512-EV/37Td6c+MgKAbkcLG6vqZ2zEYHD7bvSrzqqs2RIhbA6w3x+Dqz8MZM3sP6kGTeLrdoOgKZe+Xja7tUB2DNkQ=="],

    "@types/yargs-parser": ["@types/yargs-parser@21.0.3", "", {}, "sha512-I4q9QU9MQv4oEOz4tAHJtNz1cwuLxn2F3xcc2iV5WdqLPpUnj30aUuxt1mAxYTG+oe8CZMV/+6rU4S4gRDzqtQ=="],

    "ai": ["ai@5.0.8", "", { "dependencies": { "@ai-sdk/gateway": "1.0.4", "@ai-sdk/provider": "2.0.0", "@ai-sdk/provider-utils": "3.0.1", "@opentelemetry/api": "1.9.0" }, "peerDependencies": { "zod": "^3.25.76 || ^4" } }, "sha512-qbnhj046UvG30V1S5WhjBn+RBGEAmi8PSZWqMhRsE3EPxvO5BcePXTZFA23e9MYyWS9zr4Vm8Mv3wQXwLmtIBw=="],

    "bun-types": ["bun-types@1.2.14", "", { "dependencies": { "@types/node": "*" } }, "sha512-Kuh4Ub28ucMRWeiUUWMHsT9Wcbr4H3kLIO72RZZElSDxSu7vpetRvxIUDUaW6QtaIeixIpm7OXtNnZPf82EzwA=="],

    "eventsource-parser": ["eventsource-parser@3.0.3", "", {}, "sha512-nVpZkTMM9rF6AQ9gPJpFsNAMt48wIzB5TQgiTLdHiuO8XEDhUgZEhqKlZWXbIzo9VmJ/HvysHqEaVeD5v9TPvA=="],

    "i": ["i@0.3.7", "", {}, "sha512-FYz4wlXgkQwIPqhzC5TdNMLSE5+GS1IIDJZY/1ZiEPCT2S3COUVZeT5OW4BmW4r5LHLQuOosSwsvnroG9GR59Q=="],

    "json-schema": ["json-schema@0.4.0", "", {}, "sha512-es94M3nTIfsEPisRafak+HDLfHXnKBhV3vU5eqPcS3flIWqcxJWgXHXiey3YrpaNsanY5ei1VoYEbOzijuq9BA=="],

    "mri": ["mri@1.2.0", "", {}, "sha512-tzzskb3bG8LvYGFF/mDTpq3jpI6Q9wc3LEmBaghu+DdCssd1FakN7Bc0hVNmEyGq1bq3RgfkCb3cmQLpNPOroA=="],

    "typescript": ["typescript@5.8.3", "", { "bin": { "tsc": "bin/tsc", "tsserver": "bin/tsserver" } }, "sha512-p1diW6TqL9L07nNxvRMM7hMMw4c5XOo/1ibL4aAIGmSAt9slTE1Xgw5KWuof2uTOvCg9BY7ZRi+GaF+7sfgPeQ=="],

    "undici-types": ["undici-types@6.21.0", "", {}, "sha512-iwDZqg0QAGrg9Rav5H4n0M64c3mkR59cJ6wQp+7C4nI0gsmExaedaYLNO44eT4AtBBwjbTiGPMlt2Md0T9H9JQ=="],

    "yargs-parser": ["yargs-parser@22.0.0", "", {}, "sha512-rwu/ClNdSMpkSrUb+d6BRsSkLUq1fmfsY6TOpYzTwvwkg1/NRG85KBy3kq++A8LKQwX6lsu+aWad+2khvuXrqw=="],

    "zod": ["zod@3.25.76", "", {}, "sha512-gzUt/qt81nXsFGKIFcC3YnfEAx5NkunCfnDlvuBSSFS02bcXu4Lmea0AFIUwbLWxWPx3d9p8S5QoaujKcNQxcQ=="],

    "zod-to-json-schema": ["zod-to-json-schema@3.24.5", "", { "peerDependencies": { "zod": "^3.24.1" } }, "sha512-/AuWwMP+YqiPbsJx5D6TfgRTc4kTLjsh5SOcd4bLsfUg2RcEXrFMJl1DGgdHy2aCfsIA/cr/1JM0xcB2GZji8g=="],
  }
}
